
Microsoft Visual Studio Solution File, Format Version 12.00
Project("{FAE04EC0-301F-11D3-BF4B-00C04F79EFBC}") = "Practice1711", "Practice1711.csproj", "{8B84E07C-C09D-4DDB-B59E-8ED5B986CD78}"
EndProject
Global
	GlobalSection(SolutionConfigurationPlatforms) = preSolution
		Debug|Any CPU = Debug|Any CPU
		Release|Any CPU = Release|Any CPU
	EndGlobalSection
	GlobalSection(ProjectConfigurationPlatforms) = postSolution
		{8B84E07C-C09D-4DDB-B59E-8ED5B986CD78}.Debug|Any CPU.ActiveCfg = Debug|Any CPU
		{8B84E07C-C09D-4DDB-B59E-8ED5B986CD78}.Debug|Any CPU.Build.0 = Debug|Any CPU
		{8B84E07C-C09D-4DDB-B59E-8ED5B986CD78}.Release|Any CPU.ActiveCfg = Release|Any CPU
		{8B84E07C-C09D-4DDB-B59E-8ED5B986CD78}.Release|Any CPU.Build.0 = Release|Any CPU
	EndGlobalSection
EndGlobal
