
Microsoft Visual Studio Solution File, Format Version 12.00
Project("{FAE04EC0-301F-11D3-BF4B-00C04F79EFBC}") = "Proxy", "Proxy.csproj", "{416CAE7D-7B00-4B20-9F5C-22958CDEBBC0}"
EndProject
Global
	GlobalSection(SolutionConfigurationPlatforms) = preSolution
		Debug|Any CPU = Debug|Any CPU
		Release|Any CPU = Release|Any CPU
	EndGlobalSection
	GlobalSection(ProjectConfigurationPlatforms) = postSolution
		{416CAE7D-7B00-4B20-9F5C-22958CDEBBC0}.Debug|Any CPU.ActiveCfg = Debug|Any CPU
		{416CAE7D-7B00-4B20-9F5C-22958CDEBBC0}.Debug|Any CPU.Build.0 = Debug|Any CPU
		{416CAE7D-7B00-4B20-9F5C-22958CDEBBC0}.Release|Any CPU.ActiveCfg = Release|Any CPU
		{416CAE7D-7B00-4B20-9F5C-22958CDEBBC0}.Release|Any CPU.Build.0 = Release|Any CPU
	EndGlobalSection
EndGlobal
