
Microsoft Visual Studio Solution File, Format Version 12.00
Project("{FAE04EC0-301F-11D3-BF4B-00C04F79EFBC}") = "Mediator", "Mediator\Mediator.csproj", "{CCB0032C-44DB-4C52-9504-954AB63AFC59}"
EndProject
Global
	GlobalSection(SolutionConfigurationPlatforms) = preSolution
		Debug|Any CPU = Debug|Any CPU
		Release|Any CPU = Release|Any CPU
	EndGlobalSection
	GlobalSection(ProjectConfigurationPlatforms) = postSolution
		{CCB0032C-44DB-4C52-9504-954AB63AFC59}.Debug|Any CPU.ActiveCfg = Debug|Any CPU
		{CCB0032C-44DB-4C52-9504-954AB63AFC59}.Debug|Any CPU.Build.0 = Debug|Any CPU
		{CCB0032C-44DB-4C52-9504-954AB63AFC59}.Release|Any CPU.ActiveCfg = Release|Any CPU
		{CCB0032C-44DB-4C52-9504-954AB63AFC59}.Release|Any CPU.Build.0 = Release|Any CPU
	EndGlobalSection
EndGlobal
